
Microsoft Visual Studio Solution File, Format Version 12.00
# Visual Studio Version 17
VisualStudioVersion = 17.0.31919.166
MinimumVisualStudioVersion = 10.0.40219.1
Project("{FAE04EC0-301F-11D3-BF4B-00C04F79EFBC}") = "Lab3", "Lab3\Lab3.csproj", "{F91C15AF-EA0D-4746-8ADC-C6C1262F2C4A}"
EndProject
Global
	GlobalSection(SolutionConfigurationPlatforms) = preSolution
		Debug|Any CPU = Debug|Any CPU
		Release|Any CPU = Release|Any CPU
	EndGlobalSection
	GlobalSection(ProjectConfigurationPlatforms) = postSolution
		{F91C15AF-EA0D-4746-8ADC-C6C1262F2C4A}.Debug|Any CPU.ActiveCfg = Debug|Any CPU
		{F91C15AF-EA0D-4746-8ADC-C6C1262F2C4A}.Debug|Any CPU.Build.0 = Debug|Any CPU
		{F91C15AF-EA0D-4746-8ADC-C6C1262F2C4A}.Release|Any CPU.ActiveCfg = Release|Any CPU
		{F91C15AF-EA0D-4746-8ADC-C6C1262F2C4A}.Release|Any CPU.Build.0 = Release|Any CPU
	EndGlobalSection
	GlobalSection(SolutionProperties) = preSolution
		HideSolutionNode = FALSE
	EndGlobalSection
	GlobalSection(ExtensibilityGlobals) = postSolution
		SolutionGuid = {E4FF33D9-2A08-41B0-BF00-3A6075CA2A5B}
	EndGlobalSection
EndGlobal
