
Microsoft Visual Studio Solution File, Format Version 12.00
# Visual Studio Version 17
VisualStudioVersion = 17.0.31919.166
MinimumVisualStudioVersion = 10.0.40219.1
Project("{FAE04EC0-301F-11D3-BF4B-00C04F79EFBC}") = "WindowsFormsApp1", "WindowsFormsApp1.csproj", "{F38AFF23-50BD-46B0-B134-9E9BA1F683E3}"
EndProject
Project("{FAE04EC0-301F-11D3-BF4B-00C04F79EFBC}") = "Winform4", "..\Winform4\Winform4.csproj", "{A24620EC-3302-4AF7-AA97-DB8AD1D21389}"
EndProject
Global
	GlobalSection(SolutionConfigurationPlatforms) = preSolution
		Debug|Any CPU = Debug|Any CPU
		Release|Any CPU = Release|Any CPU
	EndGlobalSection
	GlobalSection(ProjectConfigurationPlatforms) = postSolution
		{F38AFF23-50BD-46B0-B134-9E9BA1F683E3}.Debug|Any CPU.ActiveCfg = Debug|Any CPU
		{F38AFF23-50BD-46B0-B134-9E9BA1F683E3}.Debug|Any CPU.Build.0 = Debug|Any CPU
		{F38AFF23-50BD-46B0-B134-9E9BA1F683E3}.Release|Any CPU.ActiveCfg = Release|Any CPU
		{F38AFF23-50BD-46B0-B134-9E9BA1F683E3}.Release|Any CPU.Build.0 = Release|Any CPU
		{A24620EC-3302-4AF7-AA97-DB8AD1D21389}.Debug|Any CPU.ActiveCfg = Debug|Any CPU
		{A24620EC-3302-4AF7-AA97-DB8AD1D21389}.Debug|Any CPU.Build.0 = Debug|Any CPU
		{A24620EC-3302-4AF7-AA97-DB8AD1D21389}.Release|Any CPU.ActiveCfg = Release|Any CPU
		{A24620EC-3302-4AF7-AA97-DB8AD1D21389}.Release|Any CPU.Build.0 = Release|Any CPU
	EndGlobalSection
	GlobalSection(SolutionProperties) = preSolution
		HideSolutionNode = FALSE
	EndGlobalSection
	GlobalSection(ExtensibilityGlobals) = postSolution
		SolutionGuid = {EE199AAB-1429-4389-8F2B-D9CF255009BA}
	EndGlobalSection
EndGlobal
