
Microsoft Visual Studio Solution File, Format Version 12.00
# Visual Studio Version 17
VisualStudioVersion = 17.0.31919.166
MinimumVisualStudioVersion = 10.0.40219.1
Project("{FAE04EC0-301F-11D3-BF4B-00C04F79EFBC}") = "Week1", "Week1.csproj", "{6CE94453-EED0-4F37-9D2E-BEB329AE87DC}"
EndProject
Global
	GlobalSection(SolutionConfigurationPlatforms) = preSolution
		Debug|Any CPU = Debug|Any CPU
		Release|Any CPU = Release|Any CPU
	EndGlobalSection
	GlobalSection(ProjectConfigurationPlatforms) = postSolution
		{6CE94453-EED0-4F37-9D2E-BEB329AE87DC}.Debug|Any CPU.ActiveCfg = Debug|Any CPU
		{6CE94453-EED0-4F37-9D2E-BEB329AE87DC}.Debug|Any CPU.Build.0 = Debug|Any CPU
		{6CE94453-EED0-4F37-9D2E-BEB329AE87DC}.Release|Any CPU.ActiveCfg = Release|Any CPU
		{6CE94453-EED0-4F37-9D2E-BEB329AE87DC}.Release|Any CPU.Build.0 = Release|Any CPU
	EndGlobalSection
	GlobalSection(SolutionProperties) = preSolution
		HideSolutionNode = FALSE
	EndGlobalSection
	GlobalSection(ExtensibilityGlobals) = postSolution
		SolutionGuid = {9CA0BE57-C851-4A6F-9C2E-84CE1DF7D583}
	EndGlobalSection
EndGlobal
